
Microsoft Visual Studio Solution File, Format Version 12.00
# Visual Studio Version 17
VisualStudioVersion = 17.7.34031.279
MinimumVisualStudioVersion = 10.0.40219.1
Project("{FAE04EC0-301F-11D3-BF4B-00C04F79EFBC}") = "tema2-imagen", "tema2-imagen\tema2-imagen.csproj", "{074C9B12-D302-4B5D-BA51-D22ED71E9628}"
EndProject
Global
	GlobalSection(SolutionConfigurationPlatforms) = preSolution
		Debug|Any CPU = Debug|Any CPU
		Release|Any CPU = Release|Any CPU
	EndGlobalSection
	GlobalSection(ProjectConfigurationPlatforms) = postSolution
		{074C9B12-D302-4B5D-BA51-D22ED71E9628}.Debug|Any CPU.ActiveCfg = Debug|Any CPU
		{074C9B12-D302-4B5D-BA51-D22ED71E9628}.Debug|Any CPU.Build.0 = Debug|Any CPU
		{074C9B12-D302-4B5D-BA51-D22ED71E9628}.Release|Any CPU.ActiveCfg = Release|Any CPU
		{074C9B12-D302-4B5D-BA51-D22ED71E9628}.Release|Any CPU.Build.0 = Release|Any CPU
	EndGlobalSection
	GlobalSection(SolutionProperties) = preSolution
		HideSolutionNode = FALSE
	EndGlobalSection
	GlobalSection(ExtensibilityGlobals) = postSolution
		SolutionGuid = {2B98FEBC-A8C1-4751-93D0-5053B62E8F44}
	EndGlobalSection
EndGlobal
